// !$*UTF8*$!
{
	archiveVersion = 1;
	classes = {
	};
	objectVersion = 56;
	objects = {

/* Begin PBXBuildFile section */
		60E9C127296B800B004F1ADB /* AppDelegate.swift in Sources */ = {isa = PBXBuildFile; fileRef = 60E9C126296B800B004F1ADB /* AppDelegate.swift */; };
		60E9C129296B800B004F1ADB /* SceneDelegate.swift in Sources */ = {isa = PBXBuildFile; fileRef = 60E9C128296B800B004F1ADB /* SceneDelegate.swift */; };
		60E9C12B296B800B004F1ADB /* ViewController.swift in Sources */ = {isa = PBXBuildFile; fileRef = 60E9C12A296B800B004F1ADB /* ViewController.swift */; };
		60E9C12E296B800B004F1ADB /* Main.storyboard in Resources */ = {isa = PBXBuildFile; fileRef = 60E9C12C296B800B004F1ADB /* Main.storyboard */; };
		60E9C130296B800C004F1ADB /* Assets.xcassets in Resources */ = {isa = PBXBuildFile; fileRef = 60E9C12F296B800C004F1ADB /* Assets.xcassets */; };
		60E9C133296B800C004F1ADB /* LaunchScreen.storyboard in Resources */ = {isa = PBXBuildFile; fileRef = 60E9C131296B800C004F1ADB /* LaunchScreen.storyboard */; };
		60E9C15D296B8FC1004F1ADB /* PhotoInfo.swift in Sources */ = {isa = PBXBuildFile; fileRef = 60E9C15C296B8FC1004F1ADB /* PhotoInfo.swift */; };
		60E9C161296B9B1F004F1ADB /* PhotoExampleOneViewController.swift in Sources */ = {isa = PBXBuildFile; fileRef = 60E9C160296B9B1F004F1ADB /* PhotoExampleOneViewController.swift */; };
		60E9C163296B9B35004F1ADB /* PhotoExampleTwoViewController.swift in Sources */ = {isa = PBXBuildFile; fileRef = 60E9C162296B9B35004F1ADB /* PhotoExampleTwoViewController.swift */; };
		60E9C165296B9B44004F1ADB /* PhotoExampleThreeViewController.swift in Sources */ = {isa = PBXBuildFile; fileRef = 60E9C164296B9B44004F1ADB /* PhotoExampleThreeViewController.swift */; };
/* End PBXBuildFile section */

/* Begin PBXFileReference section */
		60E9C123296B800B004F1ADB /* WorkingWithTheWeb.app */ = {isa = PBXFileReference; explicitFileType = wrapper.application; includeInIndex = 0; path = WorkingWithTheWeb.app; sourceTree = BUILT_PRODUCTS_DIR; };
		60E9C126296B800B004F1ADB /* AppDelegate.swift */ = {isa = PBXFileReference; lastKnownFileType = sourcecode.swift; path = AppDelegate.swift; sourceTree = "<group>"; };
		60E9C128296B800B004F1ADB /* SceneDelegate.swift */ = {isa = PBXFileReference; lastKnownFileType = sourcecode.swift; path = SceneDelegate.swift; sourceTree = "<group>"; };
		60E9C12A296B800B004F1ADB /* ViewController.swift */ = {isa = PBXFileReference; lastKnownFileType = sourcecode.swift; path = ViewController.swift; sourceTree = "<group>"; };
		60E9C12D296B800B004F1ADB /* Base */ = {isa = PBXFileReference; lastKnownFileType = file.storyboard; name = Base; path = Base.lproj/Main.storyboard; sourceTree = "<group>"; };
		60E9C12F296B800C004F1ADB /* Assets.xcassets */ = {isa = PBXFileReference; lastKnownFileType = folder.assetcatalog; path = Assets.xcassets; sourceTree = "<group>"; };
		60E9C132296B800C004F1ADB /* Base */ = {isa = PBXFileReference; lastKnownFileType = file.storyboard; name = Base; path = Base.lproj/LaunchScreen.storyboard; sourceTree = "<group>"; };
		60E9C134296B800C004F1ADB /* Info.plist */ = {isa = PBXFileReference; lastKnownFileType = text.plist.xml; path = Info.plist; sourceTree = "<group>"; };
		60E9C13A296B80D8004F1ADB /* README.md */ = {isa = PBXFileReference; lastKnownFileType = net.daringfireball.markdown; path = README.md; sourceTree = "<group>"; };
		60E9C15C296B8FC1004F1ADB /* PhotoInfo.swift */ = {isa = PBXFileReference; lastKnownFileType = sourcecode.swift; path = PhotoInfo.swift; sourceTree = "<group>"; };
		60E9C160296B9B1F004F1ADB /* PhotoExampleOneViewController.swift */ = {isa = PBXFileReference; lastKnownFileType = sourcecode.swift; path = PhotoExampleOneViewController.swift; sourceTree = "<group>"; };
		60E9C162296B9B35004F1ADB /* PhotoExampleTwoViewController.swift */ = {isa = PBXFileReference; lastKnownFileType = sourcecode.swift; path = PhotoExampleTwoViewController.swift; sourceTree = "<group>"; };
		60E9C164296B9B44004F1ADB /* PhotoExampleThreeViewController.swift */ = {isa = PBXFileReference; lastKnownFileType = sourcecode.swift; path = PhotoExampleThreeViewController.swift; sourceTree = "<group>"; };
/* End PBXFileReference section */

/* Begin PBXFrameworksBuildPhase section */
		60E9C120296B800B004F1ADB /* Frameworks */ = {
			isa = PBXFrameworksBuildPhase;
			buildActionMask = 2147483647;
			files = (
			);
			runOnlyForDeploymentPostprocessing = 0;
		};
/* End PBXFrameworksBuildPhase section */

/* Begin PBXGroup section */
		60E9C11A296B800A004F1ADB = {
			isa = PBXGroup;
			children = (
				60E9C13A296B80D8004F1ADB /* README.md */,
				60E9C125296B800B004F1ADB /* WorkingWithTheWeb */,
				60E9C124296B800B004F1ADB /* Products */,
			);
			sourceTree = "<group>";
		};
		60E9C124296B800B004F1ADB /* Products */ = {
			isa = PBXGroup;
			children = (
				60E9C123296B800B004F1ADB /* WorkingWithTheWeb.app */,
			);
			name = Products;
			sourceTree = "<group>";
		};
		60E9C125296B800B004F1ADB /* WorkingWithTheWeb */ = {
			isa = PBXGroup;
			children = (
				60E9C126296B800B004F1ADB /* AppDelegate.swift */,
				60E9C128296B800B004F1ADB /* SceneDelegate.swift */,
				60E9C12A296B800B004F1ADB /* ViewController.swift */,
				60E9C15C296B8FC1004F1ADB /* PhotoInfo.swift */,
				60E9C160296B9B1F004F1ADB /* PhotoExampleOneViewController.swift */,
				60E9C162296B9B35004F1ADB /* PhotoExampleTwoViewController.swift */,
				60E9C164296B9B44004F1ADB /* PhotoExampleThreeViewController.swift */,
				60E9C12C296B800B004F1ADB /* Main.storyboard */,
				60E9C12F296B800C004F1ADB /* Assets.xcassets */,
				60E9C131296B800C004F1ADB /* LaunchScreen.storyboard */,
				60E9C134296B800C004F1ADB /* Info.plist */,
			);
			path = WorkingWithTheWeb;
			sourceTree = "<group>";
		};
/* End PBXGroup section */

/* Begin PBXNativeTarget section */
		60E9C122296B800B004F1ADB /* WorkingWithTheWeb */ = {
			isa = PBXNativeTarget;
			buildConfigurationList = 60E9C137296B800C004F1ADB /* Build configuration list for PBXNativeTarget "WorkingWithTheWeb" */;
			buildPhases = (
				60E9C11F296B800B004F1ADB /* Sources */,
				60E9C120296B800B004F1ADB /* Frameworks */,
				60E9C121296B800B004F1ADB /* Resources */,
			);
			buildRules = (
			);
			dependencies = (
			);
			name = WorkingWithTheWeb;
			productName = WorkingWithTheWeb;
			productReference = 60E9C123296B800B004F1ADB /* WorkingWithTheWeb.app */;
			productType = "com.apple.product-type.application";
		};
/* End PBXNativeTarget section */

/* Begin PBXProject section */
		60E9C11B296B800A004F1ADB /* Project object */ = {
			isa = PBXProject;
			attributes = {
				BuildIndependentTargetsInParallel = 1;
				LastSwiftUpdateCheck = 1420;
				LastUpgradeCheck = 1420;
				TargetAttributes = {
					60E9C122296B800B004F1ADB = {
						CreatedOnToolsVersion = 14.2;
					};
				};
			};
			buildConfigurationList = 60E9C11E296B800B004F1ADB /* Build configuration list for PBXProject "WorkingWithTheWeb" */;
			compatibilityVersion = "Xcode 14.0";
			developmentRegion = en;
			hasScannedForEncodings = 0;
			knownRegions = (
				en,
				Base,
			);
			mainGroup = 60E9C11A296B800A004F1ADB;
			productRefGroup = 60E9C124296B800B004F1ADB /* Products */;
			projectDirPath = "";
			projectRoot = "";
			targets = (
				60E9C122296B800B004F1ADB /* WorkingWithTheWeb */,
			);
		};
/* End PBXProject section */

/* Begin PBXResourcesBuildPhase section */
		60E9C121296B800B004F1ADB /* Resources */ = {
			isa = PBXResourcesBuildPhase;
			buildActionMask = 2147483647;
			files = (
				60E9C133296B800C004F1ADB /* LaunchScreen.storyboard in Resources */,
				60E9C130296B800C004F1ADB /* Assets.xcassets in Resources */,
				60E9C12E296B800B004F1ADB /* Main.storyboard in Resources */,
			);
			runOnlyForDeploymentPostprocessing = 0;
		};
/* End PBXResourcesBuildPhase section */

/* Begin PBXSourcesBuildPhase section */
		60E9C11F296B800B004F1ADB /* Sources */ = {
			isa = PBXSourcesBuildPhase;
			buildActionMask = 2147483647;
			files = (
				60E9C15D296B8FC1004F1ADB /* PhotoInfo.swift in Sources */,
				60E9C161296B9B1F004F1ADB /* PhotoExampleOneViewController.swift in Sources */,
				60E9C12B296B800B004F1ADB /* ViewController.swift in Sources */,
				60E9C127296B800B004F1ADB /* AppDelegate.swift in Sources */,
				60E9C129296B800B004F1ADB /* SceneDelegate.swift in Sources */,
				60E9C165296B9B44004F1ADB /* PhotoExampleThreeViewController.swift in Sources */,
				60E9C163296B9B35004F1ADB /* PhotoExampleTwoViewController.swift in Sources */,
			);
			runOnlyForDeploymentPostprocessing = 0;
		};
/* End PBXSourcesBuildPhase section */

/* Begin PBXVariantGroup section */
		60E9C12C296B800B004F1ADB /* Main.storyboard */ = {
			isa = PBXVariantGroup;
			children = (
				60E9C12D296B800B004F1ADB /* Base */,
			);
			name = Main.storyboard;
			sourceTree = "<group>";
		};
		60E9C131296B800C004F1ADB /* LaunchScreen.storyboard */ = {
			isa = PBXVariantGroup;
			children = (
				60E9C132296B800C004F1ADB /* Base */,
			);
			name = LaunchScreen.storyboard;
			sourceTree = "<group>";
		};
/* End PBXVariantGroup section */

/* Begin XCBuildConfiguration section */
		60E9C135296B800C004F1ADB /* Debug */ = {
			isa = XCBuildConfiguration;
			buildSettings = {
				ALWAYS_SEARCH_USER_PATHS = NO;
				CLANG_ANALYZER_NONNULL = YES;
				CLANG_ANALYZER_NUMBER_OBJECT_CONVERSION = YES_AGGRESSIVE;
				CLANG_CXX_LANGUAGE_STANDARD = "gnu++20";
				CLANG_ENABLE_MODULES = YES;
				CLANG_ENABLE_OBJC_ARC = YES;
				CLANG_ENABLE_OBJC_WEAK = YES;
				CLANG_WARN_BLOCK_CAPTURE_AUTORELEASING = YES;
				CLANG_WARN_BOOL_CONVERSION = YES;
				CLANG_WARN_COMMA = YES;
				CLANG_WARN_CONSTANT_CONVERSION = YES;
				CLANG_WARN_DEPRECATED_OBJC_IMPLEMENTATIONS = YES;
				CLANG_WARN_DIRECT_OBJC_ISA_USAGE = YES_ERROR;
				CLANG_WARN_DOCUMENTATION_COMMENTS = YES;
				CLANG_WARN_EMPTY_BODY = YES;
				CLANG_WARN_ENUM_CONVERSION = YES;
				CLANG_WARN_INFINITE_RECURSION = YES;
				CLANG_WARN_INT_CONVERSION = YES;
				CLANG_WARN_NON_LITERAL_NULL_CONVERSION = YES;
				CLANG_WARN_OBJC_IMPLICIT_RETAIN_SELF = YES;
				CLANG_WARN_OBJC_LITERAL_CONVERSION = YES;
				CLANG_WARN_OBJC_ROOT_CLASS = YES_ERROR;
				CLANG_WARN_QUOTED_INCLUDE_IN_FRAMEWORK_HEADER = YES;
				CLANG_WARN_RANGE_LOOP_ANALYSIS = YES;
				CLANG_WARN_STRICT_PROTOTYPES = YES;
				CLANG_WARN_SUSPICIOUS_MOVE = YES;
				CLANG_WARN_UNGUARDED_AVAILABILITY = YES_AGGRESSIVE;
				CLANG_WARN_UNREACHABLE_CODE = YES;
				CLANG_WARN__DUPLICATE_METHOD_MATCH = YES;
				COPY_PHASE_STRIP = NO;
				DEBUG_INFORMATION_FORMAT = dwarf;
				ENABLE_STRICT_OBJC_MSGSEND = YES;
				ENABLE_TESTABILITY = YES;
				GCC_C_LANGUAGE_STANDARD = gnu11;
				GCC_DYNAMIC_NO_PIC = NO;
				GCC_NO_COMMON_BLOCKS = YES;
				GCC_OPTIMIZATION_LEVEL = 0;
				GCC_PREPROCESSOR_DEFINITIONS = (
					"DEBUG=1",
					"$(inherited)",
				);
				GCC_WARN_64_TO_32_BIT_CONVERSION = YES;
				GCC_WARN_ABOUT_RETURN_TYPE = YES_ERROR;
				GCC_WARN_UNDECLARED_SELECTOR = YES;
				GCC_WARN_UNINITIALIZED_AUTOS = YES_AGGRESSIVE;
				GCC_WARN_UNUSED_FUNCTION = YES;
				GCC_WARN_UNUSED_VARIABLE = YES;
				IPHONEOS_DEPLOYMENT_TARGET = 16.2;
				MTL_ENABLE_DEBUG_INFO = INCLUDE_SOURCE;
				MTL_FAST_MATH = YES;
				ONLY_ACTIVE_ARCH = YES;
				SDKROOT = iphoneos;
				SWIFT_ACTIVE_COMPILATION_CONDITIONS = DEBUG;
				SWIFT_OPTIMIZATION_LEVEL = "-Onone";
			};
			name = Debug;
		};
		60E9C136296B800C004F1ADB /* Release */ = {
			isa = XCBuildConfiguration;
			buildSettings = {
				ALWAYS_SEARCH_USER_PATHS = NO;
				CLANG_ANALYZER_NONNULL = YES;
				CLANG_ANALYZER_NUMBER_OBJECT_CONVERSION = YES_AGGRESSIVE;
				CLANG_CXX_LANGUAGE_STANDARD = "gnu++20";
				CLANG_ENABLE_MODULES = YES;
				CLANG_ENABLE_OBJC_ARC = YES;
				CLANG_ENABLE_OBJC_WEAK = YES;
				CLANG_WARN_BLOCK_CAPTURE_AUTORELEASING = YES;
				CLANG_WARN_BOOL_CONVERSION = YES;
				CLANG_WARN_COMMA = YES;
				CLANG_WARN_CONSTANT_CONVERSION = YES;
				CLANG_WARN_DEPRECATED_OBJC_IMPLEMENTATIONS = YES;
				CLANG_WARN_DIRECT_OBJC_ISA_USAGE = YES_ERROR;
				CLANG_WARN_DOCUMENTATION_COMMENTS = YES;
				CLANG_WARN_EMPTY_BODY = YES;
				CLANG_WARN_ENUM_CONVERSION = YES;
				CLANG_WARN_INFINITE_RECURSION = YES;
				CLANG_WARN_INT_CONVERSION = YES;
				CLANG_WARN_NON_LITERAL_NULL_CONVERSION = YES;
				CLANG_WARN_OBJC_IMPLICIT_RETAIN_SELF = YES;
				CLANG_WARN_OBJC_LITERAL_CONVERSION = YES;
				CLANG_WARN_OBJC_ROOT_CLASS = YES_ERROR;
				CLANG_WARN_QUOTED_INCLUDE_IN_FRAMEWORK_HEADER = YES;
				CLANG_WARN_RANGE_LOOP_ANALYSIS = YES;
				CLANG_WARN_STRICT_PROTOTYPES = YES;
				CLANG_WARN_SUSPICIOUS_MOVE = YES;
				CLANG_WARN_UNGUARDED_AVAILABILITY = YES_AGGRESSIVE;
				CLANG_WARN_UNREACHABLE_CODE = YES;
				CLANG_WARN__DUPLICATE_METHOD_MATCH = YES;
				COPY_PHASE_STRIP = NO;
				DEBUG_INFORMATION_FORMAT = "dwarf-with-dsym";
				ENABLE_NS_ASSERTIONS = NO;
				ENABLE_STRICT_OBJC_MSGSEND = YES;
				GCC_C_LANGUAGE_STANDARD = gnu11;
				GCC_NO_COMMON_BLOCKS = YES;
				GCC_WARN_64_TO_32_BIT_CONVERSION = YES;
				GCC_WARN_ABOUT_RETURN_TYPE = YES_ERROR;
				GCC_WARN_UNDECLARED_SELECTOR = YES;
				GCC_WARN_UNINITIALIZED_AUTOS = YES_AGGRESSIVE;
				GCC_WARN_UNUSED_FUNCTION = YES;
				GCC_WARN_UNUSED_VARIABLE = YES;
				IPHONEOS_DEPLOYMENT_TARGET = 16.2;
				MTL_ENABLE_DEBUG_INFO = NO;
				MTL_FAST_MATH = YES;
				SDKROOT = iphoneos;
				SWIFT_COMPILATION_MODE = wholemodule;
				SWIFT_OPTIMIZATION_LEVEL = "-O";
				VALIDATE_PRODUCT = YES;
			};
			name = Release;
		};
		60E9C138296B800C004F1ADB /* Debug */ = {
			isa = XCBuildConfiguration;
			buildSettings = {
				ASSETCATALOG_COMPILER_APPICON_NAME = AppIcon;
				ASSETCATALOG_COMPILER_GLOBAL_ACCENT_COLOR_NAME = AccentColor;
				CODE_SIGN_STYLE = Automatic;
				CURRENT_PROJECT_VERSION = 1;
				GENERATE_INFOPLIST_FILE = YES;
				INFOPLIST_FILE = WorkingWithTheWeb/Info.plist;
				INFOPLIST_KEY_UIApplicationSupportsIndirectInputEvents = YES;
				INFOPLIST_KEY_UILaunchStoryboardName = LaunchScreen;
				INFOPLIST_KEY_UIMainStoryboardFile = Main;
				INFOPLIST_KEY_UISupportedInterfaceOrientations_iPad = "UIInterfaceOrientationPortrait UIInterfaceOrientationPortraitUpsideDown UIInterfaceOrientationLandscapeLeft UIInterfaceOrientationLandscapeRight";
				INFOPLIST_KEY_UISupportedInterfaceOrientations_iPhone = "UIInterfaceOrientationPortrait UIInterfaceOrientationLandscapeLeft UIInterfaceOrientationLandscapeRight";
				LD_RUNPATH_SEARCH_PATHS = (
					"$(inherited)",
					"@executable_path/Frameworks",
				);
				MARKETING_VERSION = 1.0;
				PRODUCT_BUNDLE_IDENTIFIER = com.company.WorkingWithTheWeb;
				PRODUCT_NAME = "$(TARGET_NAME)";
				SWIFT_EMIT_LOC_STRINGS = YES;
				SWIFT_VERSION = 5.0;
				TARGETED_DEVICE_FAMILY = "1,2";
			};
			name = Debug;
		};
		60E9C139296B800C004F1ADB /* Release */ = {
			isa = XCBuildConfiguration;
			buildSettings = {
				ASSETCATALOG_COMPILER_APPICON_NAME = AppIcon;
				ASSETCATALOG_COMPILER_GLOBAL_ACCENT_COLOR_NAME = AccentColor;
				CODE_SIGN_STYLE = Automatic;
				CURRENT_PROJECT_VERSION = 1;
				GENERATE_INFOPLIST_FILE = YES;
				INFOPLIST_FILE = WorkingWithTheWeb/Info.plist;
				INFOPLIST_KEY_UIApplicationSupportsIndirectInputEvents = YES;
				INFOPLIST_KEY_UILaunchStoryboardName = LaunchScreen;
				INFOPLIST_KEY_UIMainStoryboardFile = Main;
				INFOPLIST_KEY_UISupportedInterfaceOrientations_iPad = "UIInterfaceOrientationPortrait UIInterfaceOrientationPortraitUpsideDown UIInterfaceOrientationLandscapeLeft UIInterfaceOrientationLandscapeRight";
				INFOPLIST_KEY_UISupportedInterfaceOrientations_iPhone = "UIInterfaceOrientationPortrait UIInterfaceOrientationLandscapeLeft UIInterfaceOrientationLandscapeRight";
				LD_RUNPATH_SEARCH_PATHS = (
					"$(inherited)",
					"@executable_path/Frameworks",
				);
				MARKETING_VERSION = 1.0;
				PRODUCT_BUNDLE_IDENTIFIER = com.company.WorkingWithTheWeb;
				PRODUCT_NAME = "$(TARGET_NAME)";
				SWIFT_EMIT_LOC_STRINGS = YES;
				SWIFT_VERSION = 5.0;
				TARGETED_DEVICE_FAMILY = "1,2";
			};
			name = Release;
		};
/* End XCBuildConfiguration section */

/* Begin XCConfigurationList section */
		60E9C11E296B800B004F1ADB /* Build configuration list for PBXProject "WorkingWithTheWeb" */ = {
			isa = XCConfigurationList;
			buildConfigurations = (
				60E9C135296B800C004F1ADB /* Debug */,
				60E9C136296B800C004F1ADB /* Release */,
			);
			defaultConfigurationIsVisible = 0;
			defaultConfigurationName = Release;
		};
		60E9C137296B800C004F1ADB /* Build configuration list for PBXNativeTarget "WorkingWithTheWeb" */ = {
			isa = XCConfigurationList;
			buildConfigurations = (
				60E9C138296B800C004F1ADB /* Debug */,
				60E9C139296B800C004F1ADB /* Release */,
			);
			defaultConfigurationIsVisible = 0;
			defaultConfigurationName = Release;
		};
/* End XCConfigurationList section */
	};
	rootObject = 60E9C11B296B800A004F1ADB /* Project object */;
}
