// !$*UTF8*$!
{
	archiveVersion = 1;
	classes = {
	};
	objectVersion = 56;
	objects = {

/* Begin PBXBuildFile section */
		608CC9E329529599002C46BE /* AppDelegate.swift in Sources */ = {isa = PBXBuildFile; fileRef = 608CC9E229529599002C46BE /* AppDelegate.swift */; };
		608CC9E529529599002C46BE /* SceneDelegate.swift in Sources */ = {isa = PBXBuildFile; fileRef = 608CC9E429529599002C46BE /* SceneDelegate.swift */; };
		608CC9EA29529599002C46BE /* Main.storyboard in Resources */ = {isa = PBXBuildFile; fileRef = 608CC9E829529599002C46BE /* Main.storyboard */; };
		608CC9EC2952959A002C46BE /* Assets.xcassets in Resources */ = {isa = PBXBuildFile; fileRef = 608CC9EB2952959A002C46BE /* Assets.xcassets */; };
		608CC9EF2952959A002C46BE /* LaunchScreen.storyboard in Resources */ = {isa = PBXBuildFile; fileRef = 608CC9ED2952959A002C46BE /* LaunchScreen.storyboard */; };
		608CC9F72952989D002C46BE /* Athlete.swift in Sources */ = {isa = PBXBuildFile; fileRef = 608CC9F62952989D002C46BE /* Athlete.swift */; };
		608CC9F9295298D9002C46BE /* AthleteTableViewController.swift in Sources */ = {isa = PBXBuildFile; fileRef = 608CC9F8295298D9002C46BE /* AthleteTableViewController.swift */; };
		608CC9FB295298FC002C46BE /* AthleteFormViewController.swift in Sources */ = {isa = PBXBuildFile; fileRef = 608CC9FA295298FC002C46BE /* AthleteFormViewController.swift */; };
/* End PBXBuildFile section */

/* Begin PBXFileReference section */
		608CC9DF29529599002C46BE /* FavoriteAthlete.app */ = {isa = PBXFileReference; explicitFileType = wrapper.application; includeInIndex = 0; path = FavoriteAthlete.app; sourceTree = BUILT_PRODUCTS_DIR; };
		608CC9E229529599002C46BE /* AppDelegate.swift */ = {isa = PBXFileReference; lastKnownFileType = sourcecode.swift; path = AppDelegate.swift; sourceTree = "<group>"; };
		608CC9E429529599002C46BE /* SceneDelegate.swift */ = {isa = PBXFileReference; lastKnownFileType = sourcecode.swift; path = SceneDelegate.swift; sourceTree = "<group>"; };
		608CC9E929529599002C46BE /* Base */ = {isa = PBXFileReference; lastKnownFileType = file.storyboard; name = Base; path = Base.lproj/Main.storyboard; sourceTree = "<group>"; };
		608CC9EB2952959A002C46BE /* Assets.xcassets */ = {isa = PBXFileReference; lastKnownFileType = folder.assetcatalog; path = Assets.xcassets; sourceTree = "<group>"; };
		608CC9EE2952959A002C46BE /* Base */ = {isa = PBXFileReference; lastKnownFileType = file.storyboard; name = Base; path = Base.lproj/LaunchScreen.storyboard; sourceTree = "<group>"; };
		608CC9F02952959A002C46BE /* Info.plist */ = {isa = PBXFileReference; lastKnownFileType = text.plist.xml; path = Info.plist; sourceTree = "<group>"; };
		608CC9F62952989D002C46BE /* Athlete.swift */ = {isa = PBXFileReference; lastKnownFileType = sourcecode.swift; path = Athlete.swift; sourceTree = "<group>"; };
		608CC9F8295298D9002C46BE /* AthleteTableViewController.swift */ = {isa = PBXFileReference; lastKnownFileType = sourcecode.swift; path = AthleteTableViewController.swift; sourceTree = "<group>"; };
		608CC9FA295298FC002C46BE /* AthleteFormViewController.swift */ = {isa = PBXFileReference; lastKnownFileType = sourcecode.swift; path = AthleteFormViewController.swift; sourceTree = "<group>"; };
		609DD715295BC28800982E8E /* README.md */ = {isa = PBXFileReference; lastKnownFileType = net.daringfireball.markdown; path = README.md; sourceTree = "<group>"; };
/* End PBXFileReference section */

/* Begin PBXFrameworksBuildPhase section */
		608CC9DC29529599002C46BE /* Frameworks */ = {
			isa = PBXFrameworksBuildPhase;
			buildActionMask = 2147483647;
			files = (
			);
			runOnlyForDeploymentPostprocessing = 0;
		};
/* End PBXFrameworksBuildPhase section */

/* Begin PBXGroup section */
		608CC9D629529599002C46BE = {
			isa = PBXGroup;
			children = (
				609DD715295BC28800982E8E /* README.md */,
				608CC9E129529599002C46BE /* FavoriteAthlete */,
				608CC9E029529599002C46BE /* Products */,
			);
			sourceTree = "<group>";
		};
		608CC9E029529599002C46BE /* Products */ = {
			isa = PBXGroup;
			children = (
				608CC9DF29529599002C46BE /* FavoriteAthlete.app */,
			);
			name = Products;
			sourceTree = "<group>";
		};
		608CC9E129529599002C46BE /* FavoriteAthlete */ = {
			isa = PBXGroup;
			children = (
				608CC9E229529599002C46BE /* AppDelegate.swift */,
				608CC9E429529599002C46BE /* SceneDelegate.swift */,
				608CC9E829529599002C46BE /* Main.storyboard */,
				608CC9EB2952959A002C46BE /* Assets.xcassets */,
				608CC9ED2952959A002C46BE /* LaunchScreen.storyboard */,
				608CC9F02952959A002C46BE /* Info.plist */,
				608CC9F62952989D002C46BE /* Athlete.swift */,
				608CC9F8295298D9002C46BE /* AthleteTableViewController.swift */,
				608CC9FA295298FC002C46BE /* AthleteFormViewController.swift */,
			);
			path = FavoriteAthlete;
			sourceTree = "<group>";
		};
/* End PBXGroup section */

/* Begin PBXNativeTarget section */
		608CC9DE29529599002C46BE /* FavoriteAthlete */ = {
			isa = PBXNativeTarget;
			buildConfigurationList = 608CC9F32952959A002C46BE /* Build configuration list for PBXNativeTarget "FavoriteAthlete" */;
			buildPhases = (
				608CC9DB29529599002C46BE /* Sources */,
				608CC9DC29529599002C46BE /* Frameworks */,
				608CC9DD29529599002C46BE /* Resources */,
			);
			buildRules = (
			);
			dependencies = (
			);
			name = FavoriteAthlete;
			productName = FavoriteAthlete;
			productReference = 608CC9DF29529599002C46BE /* FavoriteAthlete.app */;
			productType = "com.apple.product-type.application";
		};
/* End PBXNativeTarget section */

/* Begin PBXProject section */
		608CC9D729529599002C46BE /* Project object */ = {
			isa = PBXProject;
			attributes = {
				BuildIndependentTargetsInParallel = 1;
				LastSwiftUpdateCheck = 1420;
				LastUpgradeCheck = 1420;
				TargetAttributes = {
					608CC9DE29529599002C46BE = {
						CreatedOnToolsVersion = 14.2;
					};
				};
			};
			buildConfigurationList = 608CC9DA29529599002C46BE /* Build configuration list for PBXProject "FavoriteAthlete" */;
			compatibilityVersion = "Xcode 14.0";
			developmentRegion = en;
			hasScannedForEncodings = 0;
			knownRegions = (
				en,
				Base,
			);
			mainGroup = 608CC9D629529599002C46BE;
			productRefGroup = 608CC9E029529599002C46BE /* Products */;
			projectDirPath = "";
			projectRoot = "";
			targets = (
				608CC9DE29529599002C46BE /* FavoriteAthlete */,
			);
		};
/* End PBXProject section */

/* Begin PBXResourcesBuildPhase section */
		608CC9DD29529599002C46BE /* Resources */ = {
			isa = PBXResourcesBuildPhase;
			buildActionMask = 2147483647;
			files = (
				608CC9EF2952959A002C46BE /* LaunchScreen.storyboard in Resources */,
				608CC9EC2952959A002C46BE /* Assets.xcassets in Resources */,
				608CC9EA29529599002C46BE /* Main.storyboard in Resources */,
			);
			runOnlyForDeploymentPostprocessing = 0;
		};
/* End PBXResourcesBuildPhase section */

/* Begin PBXSourcesBuildPhase section */
		608CC9DB29529599002C46BE /* Sources */ = {
			isa = PBXSourcesBuildPhase;
			buildActionMask = 2147483647;
			files = (
				608CC9FB295298FC002C46BE /* AthleteFormViewController.swift in Sources */,
				608CC9F9295298D9002C46BE /* AthleteTableViewController.swift in Sources */,
				608CC9E329529599002C46BE /* AppDelegate.swift in Sources */,
				608CC9E529529599002C46BE /* SceneDelegate.swift in Sources */,
				608CC9F72952989D002C46BE /* Athlete.swift in Sources */,
			);
			runOnlyForDeploymentPostprocessing = 0;
		};
/* End PBXSourcesBuildPhase section */

/* Begin PBXVariantGroup section */
		608CC9E829529599002C46BE /* Main.storyboard */ = {
			isa = PBXVariantGroup;
			children = (
				608CC9E929529599002C46BE /* Base */,
			);
			name = Main.storyboard;
			sourceTree = "<group>";
		};
		608CC9ED2952959A002C46BE /* LaunchScreen.storyboard */ = {
			isa = PBXVariantGroup;
			children = (
				608CC9EE2952959A002C46BE /* Base */,
			);
			name = LaunchScreen.storyboard;
			sourceTree = "<group>";
		};
/* End PBXVariantGroup section */

/* Begin XCBuildConfiguration section */
		608CC9F12952959A002C46BE /* Debug */ = {
			isa = XCBuildConfiguration;
			buildSettings = {
				ALWAYS_SEARCH_USER_PATHS = NO;
				CLANG_ANALYZER_NONNULL = YES;
				CLANG_ANALYZER_NUMBER_OBJECT_CONVERSION = YES_AGGRESSIVE;
				CLANG_CXX_LANGUAGE_STANDARD = "gnu++20";
				CLANG_ENABLE_MODULES = YES;
				CLANG_ENABLE_OBJC_ARC = YES;
				CLANG_ENABLE_OBJC_WEAK = YES;
				CLANG_WARN_BLOCK_CAPTURE_AUTORELEASING = YES;
				CLANG_WARN_BOOL_CONVERSION = YES;
				CLANG_WARN_COMMA = YES;
				CLANG_WARN_CONSTANT_CONVERSION = YES;
				CLANG_WARN_DEPRECATED_OBJC_IMPLEMENTATIONS = YES;
				CLANG_WARN_DIRECT_OBJC_ISA_USAGE = YES_ERROR;
				CLANG_WARN_DOCUMENTATION_COMMENTS = YES;
				CLANG_WARN_EMPTY_BODY = YES;
				CLANG_WARN_ENUM_CONVERSION = YES;
				CLANG_WARN_INFINITE_RECURSION = YES;
				CLANG_WARN_INT_CONVERSION = YES;
				CLANG_WARN_NON_LITERAL_NULL_CONVERSION = YES;
				CLANG_WARN_OBJC_IMPLICIT_RETAIN_SELF = YES;
				CLANG_WARN_OBJC_LITERAL_CONVERSION = YES;
				CLANG_WARN_OBJC_ROOT_CLASS = YES_ERROR;
				CLANG_WARN_QUOTED_INCLUDE_IN_FRAMEWORK_HEADER = YES;
				CLANG_WARN_RANGE_LOOP_ANALYSIS = YES;
				CLANG_WARN_STRICT_PROTOTYPES = YES;
				CLANG_WARN_SUSPICIOUS_MOVE = YES;
				CLANG_WARN_UNGUARDED_AVAILABILITY = YES_AGGRESSIVE;
				CLANG_WARN_UNREACHABLE_CODE = YES;
				CLANG_WARN__DUPLICATE_METHOD_MATCH = YES;
				COPY_PHASE_STRIP = NO;
				DEBUG_INFORMATION_FORMAT = dwarf;
				ENABLE_STRICT_OBJC_MSGSEND = YES;
				ENABLE_TESTABILITY = YES;
				GCC_C_LANGUAGE_STANDARD = gnu11;
				GCC_DYNAMIC_NO_PIC = NO;
				GCC_NO_COMMON_BLOCKS = YES;
				GCC_OPTIMIZATION_LEVEL = 0;
				GCC_PREPROCESSOR_DEFINITIONS = (
					"DEBUG=1",
					"$(inherited)",
				);
				GCC_WARN_64_TO_32_BIT_CONVERSION = YES;
				GCC_WARN_ABOUT_RETURN_TYPE = YES_ERROR;
				GCC_WARN_UNDECLARED_SELECTOR = YES;
				GCC_WARN_UNINITIALIZED_AUTOS = YES_AGGRESSIVE;
				GCC_WARN_UNUSED_FUNCTION = YES;
				GCC_WARN_UNUSED_VARIABLE = YES;
				IPHONEOS_DEPLOYMENT_TARGET = 16.2;
				MTL_ENABLE_DEBUG_INFO = INCLUDE_SOURCE;
				MTL_FAST_MATH = YES;
				ONLY_ACTIVE_ARCH = YES;
				SDKROOT = iphoneos;
				SWIFT_ACTIVE_COMPILATION_CONDITIONS = DEBUG;
				SWIFT_OPTIMIZATION_LEVEL = "-Onone";
			};
			name = Debug;
		};
		608CC9F22952959A002C46BE /* Release */ = {
			isa = XCBuildConfiguration;
			buildSettings = {
				ALWAYS_SEARCH_USER_PATHS = NO;
				CLANG_ANALYZER_NONNULL = YES;
				CLANG_ANALYZER_NUMBER_OBJECT_CONVERSION = YES_AGGRESSIVE;
				CLANG_CXX_LANGUAGE_STANDARD = "gnu++20";
				CLANG_ENABLE_MODULES = YES;
				CLANG_ENABLE_OBJC_ARC = YES;
				CLANG_ENABLE_OBJC_WEAK = YES;
				CLANG_WARN_BLOCK_CAPTURE_AUTORELEASING = YES;
				CLANG_WARN_BOOL_CONVERSION = YES;
				CLANG_WARN_COMMA = YES;
				CLANG_WARN_CONSTANT_CONVERSION = YES;
				CLANG_WARN_DEPRECATED_OBJC_IMPLEMENTATIONS = YES;
				CLANG_WARN_DIRECT_OBJC_ISA_USAGE = YES_ERROR;
				CLANG_WARN_DOCUMENTATION_COMMENTS = YES;
				CLANG_WARN_EMPTY_BODY = YES;
				CLANG_WARN_ENUM_CONVERSION = YES;
				CLANG_WARN_INFINITE_RECURSION = YES;
				CLANG_WARN_INT_CONVERSION = YES;
				CLANG_WARN_NON_LITERAL_NULL_CONVERSION = YES;
				CLANG_WARN_OBJC_IMPLICIT_RETAIN_SELF = YES;
				CLANG_WARN_OBJC_LITERAL_CONVERSION = YES;
				CLANG_WARN_OBJC_ROOT_CLASS = YES_ERROR;
				CLANG_WARN_QUOTED_INCLUDE_IN_FRAMEWORK_HEADER = YES;
				CLANG_WARN_RANGE_LOOP_ANALYSIS = YES;
				CLANG_WARN_STRICT_PROTOTYPES = YES;
				CLANG_WARN_SUSPICIOUS_MOVE = YES;
				CLANG_WARN_UNGUARDED_AVAILABILITY = YES_AGGRESSIVE;
				CLANG_WARN_UNREACHABLE_CODE = YES;
				CLANG_WARN__DUPLICATE_METHOD_MATCH = YES;
				COPY_PHASE_STRIP = NO;
				DEBUG_INFORMATION_FORMAT = "dwarf-with-dsym";
				ENABLE_NS_ASSERTIONS = NO;
				ENABLE_STRICT_OBJC_MSGSEND = YES;
				GCC_C_LANGUAGE_STANDARD = gnu11;
				GCC_NO_COMMON_BLOCKS = YES;
				GCC_WARN_64_TO_32_BIT_CONVERSION = YES;
				GCC_WARN_ABOUT_RETURN_TYPE = YES_ERROR;
				GCC_WARN_UNDECLARED_SELECTOR = YES;
				GCC_WARN_UNINITIALIZED_AUTOS = YES_AGGRESSIVE;
				GCC_WARN_UNUSED_FUNCTION = YES;
				GCC_WARN_UNUSED_VARIABLE = YES;
				IPHONEOS_DEPLOYMENT_TARGET = 16.2;
				MTL_ENABLE_DEBUG_INFO = NO;
				MTL_FAST_MATH = YES;
				SDKROOT = iphoneos;
				SWIFT_COMPILATION_MODE = wholemodule;
				SWIFT_OPTIMIZATION_LEVEL = "-O";
				VALIDATE_PRODUCT = YES;
			};
			name = Release;
		};
		608CC9F42952959A002C46BE /* Debug */ = {
			isa = XCBuildConfiguration;
			buildSettings = {
				ASSETCATALOG_COMPILER_APPICON_NAME = AppIcon;
				ASSETCATALOG_COMPILER_GLOBAL_ACCENT_COLOR_NAME = AccentColor;
				CODE_SIGN_STYLE = Automatic;
				CURRENT_PROJECT_VERSION = 1;
				GENERATE_INFOPLIST_FILE = YES;
				INFOPLIST_FILE = FavoriteAthlete/Info.plist;
				INFOPLIST_KEY_UIApplicationSupportsIndirectInputEvents = YES;
				INFOPLIST_KEY_UILaunchStoryboardName = LaunchScreen;
				INFOPLIST_KEY_UIMainStoryboardFile = Main;
				INFOPLIST_KEY_UISupportedInterfaceOrientations_iPad = "UIInterfaceOrientationPortrait UIInterfaceOrientationPortraitUpsideDown UIInterfaceOrientationLandscapeLeft UIInterfaceOrientationLandscapeRight";
				INFOPLIST_KEY_UISupportedInterfaceOrientations_iPhone = "UIInterfaceOrientationPortrait UIInterfaceOrientationLandscapeLeft UIInterfaceOrientationLandscapeRight";
				LD_RUNPATH_SEARCH_PATHS = (
					"$(inherited)",
					"@executable_path/Frameworks",
				);
				MARKETING_VERSION = 1.0;
				PRODUCT_BUNDLE_IDENTIFIER = com.company.FavoriteAthlete;
				PRODUCT_NAME = "$(TARGET_NAME)";
				SWIFT_EMIT_LOC_STRINGS = YES;
				SWIFT_VERSION = 5.0;
				TARGETED_DEVICE_FAMILY = "1,2";
			};
			name = Debug;
		};
		608CC9F52952959A002C46BE /* Release */ = {
			isa = XCBuildConfiguration;
			buildSettings = {
				ASSETCATALOG_COMPILER_APPICON_NAME = AppIcon;
				ASSETCATALOG_COMPILER_GLOBAL_ACCENT_COLOR_NAME = AccentColor;
				CODE_SIGN_STYLE = Automatic;
				CURRENT_PROJECT_VERSION = 1;
				GENERATE_INFOPLIST_FILE = YES;
				INFOPLIST_FILE = FavoriteAthlete/Info.plist;
				INFOPLIST_KEY_UIApplicationSupportsIndirectInputEvents = YES;
				INFOPLIST_KEY_UILaunchStoryboardName = LaunchScreen;
				INFOPLIST_KEY_UIMainStoryboardFile = Main;
				INFOPLIST_KEY_UISupportedInterfaceOrientations_iPad = "UIInterfaceOrientationPortrait UIInterfaceOrientationPortraitUpsideDown UIInterfaceOrientationLandscapeLeft UIInterfaceOrientationLandscapeRight";
				INFOPLIST_KEY_UISupportedInterfaceOrientations_iPhone = "UIInterfaceOrientationPortrait UIInterfaceOrientationLandscapeLeft UIInterfaceOrientationLandscapeRight";
				LD_RUNPATH_SEARCH_PATHS = (
					"$(inherited)",
					"@executable_path/Frameworks",
				);
				MARKETING_VERSION = 1.0;
				PRODUCT_BUNDLE_IDENTIFIER = com.company.FavoriteAthlete;
				PRODUCT_NAME = "$(TARGET_NAME)";
				SWIFT_EMIT_LOC_STRINGS = YES;
				SWIFT_VERSION = 5.0;
				TARGETED_DEVICE_FAMILY = "1,2";
			};
			name = Release;
		};
/* End XCBuildConfiguration section */

/* Begin XCConfigurationList section */
		608CC9DA29529599002C46BE /* Build configuration list for PBXProject "FavoriteAthlete" */ = {
			isa = XCConfigurationList;
			buildConfigurations = (
				608CC9F12952959A002C46BE /* Debug */,
				608CC9F22952959A002C46BE /* Release */,
			);
			defaultConfigurationIsVisible = 0;
			defaultConfigurationName = Release;
		};
		608CC9F32952959A002C46BE /* Build configuration list for PBXNativeTarget "FavoriteAthlete" */ = {
			isa = XCConfigurationList;
			buildConfigurations = (
				608CC9F42952959A002C46BE /* Debug */,
				608CC9F52952959A002C46BE /* Release */,
			);
			defaultConfigurationIsVisible = 0;
			defaultConfigurationName = Release;
		};
/* End XCConfigurationList section */
	};
	rootObject = 608CC9D729529599002C46BE /* Project object */;
}
